
Microsoft Visual Studio Solution File, Format Version 12.00
Project("{FAE04EC0-301F-11D3-BF4B-00C04F79EFBC}") = "MyOdeToFood", "MyOdeToFood\MyOdeToFood.csproj", "{86DC4DCD-E07E-47D5-AD37-5D9C99E9DD5C}"
EndProject
Project("{FAE04EC0-301F-11D3-BF4B-00C04F79EFBC}") = "MyOdeToFood.Core", "MyOdeToFood.Core\MyOdeToFood.Core.csproj", "{E6906320-2738-4022-984D-F8D7D7C3E697}"
EndProject
Project("{FAE04EC0-301F-11D3-BF4B-00C04F79EFBC}") = "MyOdeToFood.Data", "MyOdeToFood.Data\MyOdeToFood.Data.csproj", "{18BFC6AB-0B48-45BE-8394-9B40C7665FB0}"
EndProject
Global
	GlobalSection(SolutionConfigurationPlatforms) = preSolution
		Debug|Any CPU = Debug|Any CPU
		Release|Any CPU = Release|Any CPU
	EndGlobalSection
	GlobalSection(ProjectConfigurationPlatforms) = postSolution
		{86DC4DCD-E07E-47D5-AD37-5D9C99E9DD5C}.Debug|Any CPU.ActiveCfg = Debug|Any CPU
		{86DC4DCD-E07E-47D5-AD37-5D9C99E9DD5C}.Debug|Any CPU.Build.0 = Debug|Any CPU
		{86DC4DCD-E07E-47D5-AD37-5D9C99E9DD5C}.Release|Any CPU.ActiveCfg = Release|Any CPU
		{86DC4DCD-E07E-47D5-AD37-5D9C99E9DD5C}.Release|Any CPU.Build.0 = Release|Any CPU
		{E6906320-2738-4022-984D-F8D7D7C3E697}.Debug|Any CPU.ActiveCfg = Debug|Any CPU
		{E6906320-2738-4022-984D-F8D7D7C3E697}.Debug|Any CPU.Build.0 = Debug|Any CPU
		{E6906320-2738-4022-984D-F8D7D7C3E697}.Release|Any CPU.ActiveCfg = Release|Any CPU
		{E6906320-2738-4022-984D-F8D7D7C3E697}.Release|Any CPU.Build.0 = Release|Any CPU
		{18BFC6AB-0B48-45BE-8394-9B40C7665FB0}.Debug|Any CPU.ActiveCfg = Debug|Any CPU
		{18BFC6AB-0B48-45BE-8394-9B40C7665FB0}.Debug|Any CPU.Build.0 = Debug|Any CPU
		{18BFC6AB-0B48-45BE-8394-9B40C7665FB0}.Release|Any CPU.ActiveCfg = Release|Any CPU
		{18BFC6AB-0B48-45BE-8394-9B40C7665FB0}.Release|Any CPU.Build.0 = Release|Any CPU
	EndGlobalSection
EndGlobal
